// !$*UTF8*$!
{
	archiveVersion = 1;
	classes = {
	};
	objectVersion = 46;
	objects = {

/* Begin PBXBuildFile section */
		22D094E11A55A47800A5E45B /* main.m in Sources */ = {isa = PBXBuildFile; fileRef = 22D094E01A55A47800A5E45B /* main.m */; };
		22D094E41A55A47800A5E45B /* AppDelegate.m in Sources */ = {isa = PBXBuildFile; fileRef = 22D094E31A55A47800A5E45B /* AppDelegate.m */; };
		22D094E71A55A47800A5E45B /* ViewController.m in Sources */ = {isa = PBXBuildFile; fileRef = 22D094E61A55A47800A5E45B /* ViewController.m */; };
		22D094EA1A55A47800A5E45B /* Main.storyboard in Resources */ = {isa = PBXBuildFile; fileRef = 22D094E81A55A47800A5E45B /* Main.storyboard */; };
		22D094EC1A55A47800A5E45B /* Images.xcassets in Resources */ = {isa = PBXBuildFile; fileRef = 22D094EB1A55A47800A5E45B /* Images.xcassets */; };
		22D094EF1A55A47800A5E45B /* LaunchScreen.xib in Resources */ = {isa = PBXBuildFile; fileRef = 22D094ED1A55A47800A5E45B /* LaunchScreen.xib */; };
		22D094FB1A55A47800A5E45B /* ExampleTests.m in Sources */ = {isa = PBXBuildFile; fileRef = 22D094FA1A55A47800A5E45B /* ExampleTests.m */; };
		22D0950B1A55B1D900A5E45B /* CRMediaPickerController.m in Sources */ = {isa = PBXBuildFile; fileRef = 22D0950A1A55B1D900A5E45B /* CRMediaPickerController.m */; };
		22F604A21A55FC5200A46E8F /* OverlayView.xib in Resources */ = {isa = PBXBuildFile; fileRef = 22F604A11A55FC5200A46E8F /* OverlayView.xib */; };
/* End PBXBuildFile section */

/* Begin PBXContainerItemProxy section */
		22D094F51A55A47800A5E45B /* PBXContainerItemProxy */ = {
			isa = PBXContainerItemProxy;
			containerPortal = 22D094D31A55A47800A5E45B /* Project object */;
			proxyType = 1;
			remoteGlobalIDString = 22D094DA1A55A47800A5E45B;
			remoteInfo = Example;
		};
/* End PBXContainerItemProxy section */

/* Begin PBXFileReference section */
		22D094DB1A55A47800A5E45B /* Example.app */ = {isa = PBXFileReference; explicitFileType = wrapper.application; includeInIndex = 0; path = Example.app; sourceTree = BUILT_PRODUCTS_DIR; };
		22D094DF1A55A47800A5E45B /* Info.plist */ = {isa = PBXFileReference; lastKnownFileType = text.plist.xml; path = Info.plist; sourceTree = "<group>"; };
		22D094E01A55A47800A5E45B /* main.m */ = {isa = PBXFileReference; lastKnownFileType = sourcecode.c.objc; path = main.m; sourceTree = "<group>"; };
		22D094E21A55A47800A5E45B /* AppDelegate.h */ = {isa = PBXFileReference; lastKnownFileType = sourcecode.c.h; path = AppDelegate.h; sourceTree = "<group>"; };
		22D094E31A55A47800A5E45B /* AppDelegate.m */ = {isa = PBXFileReference; lastKnownFileType = sourcecode.c.objc; path = AppDelegate.m; sourceTree = "<group>"; };
		22D094E51A55A47800A5E45B /* ViewController.h */ = {isa = PBXFileReference; lastKnownFileType = sourcecode.c.h; path = ViewController.h; sourceTree = "<group>"; };
		22D094E61A55A47800A5E45B /* ViewController.m */ = {isa = PBXFileReference; lastKnownFileType = sourcecode.c.objc; path = ViewController.m; sourceTree = "<group>"; };
		22D094E91A55A47800A5E45B /* Base */ = {isa = PBXFileReference; lastKnownFileType = file.storyboard; name = Base; path = Base.lproj/Main.storyboard; sourceTree = "<group>"; };
		22D094EB1A55A47800A5E45B /* Images.xcassets */ = {isa = PBXFileReference; lastKnownFileType = folder.assetcatalog; path = Images.xcassets; sourceTree = "<group>"; };
		22D094EE1A55A47800A5E45B /* Base */ = {isa = PBXFileReference; lastKnownFileType = file.xib; name = Base; path = Base.lproj/LaunchScreen.xib; sourceTree = "<group>"; };
		22D094F41A55A47800A5E45B /* ExampleTests.xctest */ = {isa = PBXFileReference; explicitFileType = wrapper.cfbundle; includeInIndex = 0; path = ExampleTests.xctest; sourceTree = BUILT_PRODUCTS_DIR; };
		22D094F91A55A47800A5E45B /* Info.plist */ = {isa = PBXFileReference; lastKnownFileType = text.plist.xml; path = Info.plist; sourceTree = "<group>"; };
		22D094FA1A55A47800A5E45B /* ExampleTests.m */ = {isa = PBXFileReference; lastKnownFileType = sourcecode.c.objc; path = ExampleTests.m; sourceTree = "<group>"; };
		22D095091A55B1D900A5E45B /* CRMediaPickerController.h */ = {isa = PBXFileReference; fileEncoding = 4; lastKnownFileType = sourcecode.c.h; path = CRMediaPickerController.h; sourceTree = "<group>"; };
		22D0950A1A55B1D900A5E45B /* CRMediaPickerController.m */ = {isa = PBXFileReference; fileEncoding = 4; lastKnownFileType = sourcecode.c.objc; path = CRMediaPickerController.m; sourceTree = "<group>"; };
		22F604A11A55FC5200A46E8F /* OverlayView.xib */ = {isa = PBXFileReference; fileEncoding = 4; lastKnownFileType = file.xib; path = OverlayView.xib; sourceTree = "<group>"; };
/* End PBXFileReference section */

/* Begin PBXFrameworksBuildPhase section */
		22D094D81A55A47800A5E45B /* Frameworks */ = {
			isa = PBXFrameworksBuildPhase;
			buildActionMask = 2147483647;
			files = (
			);
			runOnlyForDeploymentPostprocessing = 0;
		};
		22D094F11A55A47800A5E45B /* Frameworks */ = {
			isa = PBXFrameworksBuildPhase;
			buildActionMask = 2147483647;
			files = (
			);
			runOnlyForDeploymentPostprocessing = 0;
		};
/* End PBXFrameworksBuildPhase section */

/* Begin PBXGroup section */
		22D094D21A55A47800A5E45B = {
			isa = PBXGroup;
			children = (
				22D095081A55B1D900A5E45B /* CRMediaPickerController */,
				22D094DD1A55A47800A5E45B /* Example */,
				22D094F71A55A47800A5E45B /* ExampleTests */,
				22D094DC1A55A47800A5E45B /* Products */,
			);
			sourceTree = "<group>";
		};
		22D094DC1A55A47800A5E45B /* Products */ = {
			isa = PBXGroup;
			children = (
				22D094DB1A55A47800A5E45B /* Example.app */,
				22D094F41A55A47800A5E45B /* ExampleTests.xctest */,
			);
			name = Products;
			sourceTree = "<group>";
		};
		22D094DD1A55A47800A5E45B /* Example */ = {
			isa = PBXGroup;
			children = (
				22D094E21A55A47800A5E45B /* AppDelegate.h */,
				22D094E31A55A47800A5E45B /* AppDelegate.m */,
				22D094E51A55A47800A5E45B /* ViewController.h */,
				22D094E61A55A47800A5E45B /* ViewController.m */,
				22D094E81A55A47800A5E45B /* Main.storyboard */,
				22F604A11A55FC5200A46E8F /* OverlayView.xib */,
				22D094EB1A55A47800A5E45B /* Images.xcassets */,
				22D094ED1A55A47800A5E45B /* LaunchScreen.xib */,
				22D094DE1A55A47800A5E45B /* Supporting Files */,
			);
			path = Example;
			sourceTree = "<group>";
		};
		22D094DE1A55A47800A5E45B /* Supporting Files */ = {
			isa = PBXGroup;
			children = (
				22D094DF1A55A47800A5E45B /* Info.plist */,
				22D094E01A55A47800A5E45B /* main.m */,
			);
			name = "Supporting Files";
			sourceTree = "<group>";
		};
		22D094F71A55A47800A5E45B /* ExampleTests */ = {
			isa = PBXGroup;
			children = (
				22D094FA1A55A47800A5E45B /* ExampleTests.m */,
				22D094F81A55A47800A5E45B /* Supporting Files */,
			);
			path = ExampleTests;
			sourceTree = "<group>";
		};
		22D094F81A55A47800A5E45B /* Supporting Files */ = {
			isa = PBXGroup;
			children = (
				22D094F91A55A47800A5E45B /* Info.plist */,
			);
			name = "Supporting Files";
			sourceTree = "<group>";
		};
		22D095081A55B1D900A5E45B /* CRMediaPickerController */ = {
			isa = PBXGroup;
			children = (
				22D095091A55B1D900A5E45B /* CRMediaPickerController.h */,
				22D0950A1A55B1D900A5E45B /* CRMediaPickerController.m */,
			);
			name = CRMediaPickerController;
			path = ../CRMediaPickerController;
			sourceTree = "<group>";
		};
/* End PBXGroup section */

/* Begin PBXNativeTarget section */
		22D094DA1A55A47800A5E45B /* Example */ = {
			isa = PBXNativeTarget;
			buildConfigurationList = 22D094FE1A55A47800A5E45B /* Build configuration list for PBXNativeTarget "Example" */;
			buildPhases = (
				22D094D71A55A47800A5E45B /* Sources */,
				22D094D81A55A47800A5E45B /* Frameworks */,
				22D094D91A55A47800A5E45B /* Resources */,
			);
			buildRules = (
			);
			dependencies = (
			);
			name = Example;
			productName = Example;
			productReference = 22D094DB1A55A47800A5E45B /* Example.app */;
			productType = "com.apple.product-type.application";
		};
		22D094F31A55A47800A5E45B /* ExampleTests */ = {
			isa = PBXNativeTarget;
			buildConfigurationList = 22D095011A55A47800A5E45B /* Build configuration list for PBXNativeTarget "ExampleTests" */;
			buildPhases = (
				22D094F01A55A47800A5E45B /* Sources */,
				22D094F11A55A47800A5E45B /* Frameworks */,
				22D094F21A55A47800A5E45B /* Resources */,
			);
			buildRules = (
			);
			dependencies = (
				22D094F61A55A47800A5E45B /* PBXTargetDependency */,
			);
			name = ExampleTests;
			productName = ExampleTests;
			productReference = 22D094F41A55A47800A5E45B /* ExampleTests.xctest */;
			productType = "com.apple.product-type.bundle.unit-test";
		};
/* End PBXNativeTarget section */

/* Begin PBXProject section */
		22D094D31A55A47800A5E45B /* Project object */ = {
			isa = PBXProject;
			attributes = {
				LastUpgradeCheck = 0610;
				ORGANIZATIONNAME = "Christian Roman";
				TargetAttributes = {
					22D094DA1A55A47800A5E45B = {
						CreatedOnToolsVersion = 6.1.1;
					};
					22D094F31A55A47800A5E45B = {
						CreatedOnToolsVersion = 6.1.1;
						TestTargetID = 22D094DA1A55A47800A5E45B;
					};
				};
			};
			buildConfigurationList = 22D094D61A55A47800A5E45B /* Build configuration list for PBXProject "Example" */;
			compatibilityVersion = "Xcode 3.2";
			developmentRegion = English;
			hasScannedForEncodings = 0;
			knownRegions = (
				en,
				Base,
			);
			mainGroup = 22D094D21A55A47800A5E45B;
			productRefGroup = 22D094DC1A55A47800A5E45B /* Products */;
			projectDirPath = "";
			projectRoot = "";
			targets = (
				22D094DA1A55A47800A5E45B /* Example */,
				22D094F31A55A47800A5E45B /* ExampleTests */,
			);
		};
/* End PBXProject section */

/* Begin PBXResourcesBuildPhase section */
		22D094D91A55A47800A5E45B /* Resources */ = {
			isa = PBXResourcesBuildPhase;
			buildActionMask = 2147483647;
			files = (
				22D094EA1A55A47800A5E45B /* Main.storyboard in Resources */,
				22F604A21A55FC5200A46E8F /* OverlayView.xib in Resources */,
				22D094EF1A55A47800A5E45B /* LaunchScreen.xib in Resources */,
				22D094EC1A55A47800A5E45B /* Images.xcassets in Resources */,
			);
			runOnlyForDeploymentPostprocessing = 0;
		};
		22D094F21A55A47800A5E45B /* Resources */ = {
			isa = PBXResourcesBuildPhase;
			buildActionMask = 2147483647;
			files = (
			);
			runOnlyForDeploymentPostprocessing = 0;
		};
/* End PBXResourcesBuildPhase section */

/* Begin PBXSourcesBuildPhase section */
		22D094D71A55A47800A5E45B /* Sources */ = {
			isa = PBXSourcesBuildPhase;
			buildActionMask = 2147483647;
			files = (
				22D094E71A55A47800A5E45B /* ViewController.m in Sources */,
				22D094E41A55A47800A5E45B /* AppDelegate.m in Sources */,
				22D094E11A55A47800A5E45B /* main.m in Sources */,
				22D0950B1A55B1D900A5E45B /* CRMediaPickerController.m in Sources */,
			);
			runOnlyForDeploymentPostprocessing = 0;
		};
		22D094F01A55A47800A5E45B /* Sources */ = {
			isa = PBXSourcesBuildPhase;
			buildActionMask = 2147483647;
			files = (
				22D094FB1A55A47800A5E45B /* ExampleTests.m in Sources */,
			);
			runOnlyForDeploymentPostprocessing = 0;
		};
/* End PBXSourcesBuildPhase section */

/* Begin PBXTargetDependency section */
		22D094F61A55A47800A5E45B /* PBXTargetDependency */ = {
			isa = PBXTargetDependency;
			target = 22D094DA1A55A47800A5E45B /* Example */;
			targetProxy = 22D094F51A55A47800A5E45B /* PBXContainerItemProxy */;
		};
/* End PBXTargetDependency section */

/* Begin PBXVariantGroup section */
		22D094E81A55A47800A5E45B /* Main.storyboard */ = {
			isa = PBXVariantGroup;
			children = (
				22D094E91A55A47800A5E45B /* Base */,
			);
			name = Main.storyboard;
			sourceTree = "<group>";
		};
		22D094ED1A55A47800A5E45B /* LaunchScreen.xib */ = {
			isa = PBXVariantGroup;
			children = (
				22D094EE1A55A47800A5E45B /* Base */,
			);
			name = LaunchScreen.xib;
			sourceTree = "<group>";
		};
/* End PBXVariantGroup section */

/* Begin XCBuildConfiguration section */
		22D094FC1A55A47800A5E45B /* Debug */ = {
			isa = XCBuildConfiguration;
			buildSettings = {
				ALWAYS_SEARCH_USER_PATHS = NO;
				CLANG_CXX_LANGUAGE_STANDARD = "gnu++0x";
				CLANG_CXX_LIBRARY = "libc++";
				CLANG_ENABLE_MODULES = YES;
				CLANG_ENABLE_OBJC_ARC = YES;
				CLANG_WARN_BOOL_CONVERSION = YES;
				CLANG_WARN_CONSTANT_CONVERSION = YES;
				CLANG_WARN_DIRECT_OBJC_ISA_USAGE = YES_ERROR;
				CLANG_WARN_EMPTY_BODY = YES;
				CLANG_WARN_ENUM_CONVERSION = YES;
				CLANG_WARN_INT_CONVERSION = YES;
				CLANG_WARN_OBJC_ROOT_CLASS = YES_ERROR;
				CLANG_WARN_UNREACHABLE_CODE = YES;
				CLANG_WARN__DUPLICATE_METHOD_MATCH = YES;
				"CODE_SIGN_IDENTITY[sdk=iphoneos*]" = "iPhone Developer";
				COPY_PHASE_STRIP = NO;
				ENABLE_STRICT_OBJC_MSGSEND = YES;
				GCC_C_LANGUAGE_STANDARD = gnu99;
				GCC_DYNAMIC_NO_PIC = NO;
				GCC_OPTIMIZATION_LEVEL = 0;
				GCC_PREPROCESSOR_DEFINITIONS = (
					"DEBUG=1",
					"$(inherited)",
				);
				GCC_SYMBOLS_PRIVATE_EXTERN = NO;
				GCC_WARN_64_TO_32_BIT_CONVERSION = YES;
				GCC_WARN_ABOUT_RETURN_TYPE = YES_ERROR;
				GCC_WARN_UNDECLARED_SELECTOR = YES;
				GCC_WARN_UNINITIALIZED_AUTOS = YES_AGGRESSIVE;
				GCC_WARN_UNUSED_FUNCTION = YES;
				GCC_WARN_UNUSED_VARIABLE = YES;
				IPHONEOS_DEPLOYMENT_TARGET = 8.1;
				MTL_ENABLE_DEBUG_INFO = YES;
				ONLY_ACTIVE_ARCH = YES;
				SDKROOT = iphoneos;
			};
			name = Debug;
		};
		22D094FD1A55A47800A5E45B /* Release */ = {
			isa = XCBuildConfiguration;
			buildSettings = {
				ALWAYS_SEARCH_USER_PATHS = NO;
				CLANG_CXX_LANGUAGE_STANDARD = "gnu++0x";
				CLANG_CXX_LIBRARY = "libc++";
				CLANG_ENABLE_MODULES = YES;
				CLANG_ENABLE_OBJC_ARC = YES;
				CLANG_WARN_BOOL_CONVERSION = YES;
				CLANG_WARN_CONSTANT_CONVERSION = YES;
				CLANG_WARN_DIRECT_OBJC_ISA_USAGE = YES_ERROR;
				CLANG_WARN_EMPTY_BODY = YES;
				CLANG_WARN_ENUM_CONVERSION = YES;
				CLANG_WARN_INT_CONVERSION = YES;
				CLANG_WARN_OBJC_ROOT_CLASS = YES_ERROR;
				CLANG_WARN_UNREACHABLE_CODE = YES;
				CLANG_WARN__DUPLICATE_METHOD_MATCH = YES;
				"CODE_SIGN_IDENTITY[sdk=iphoneos*]" = "iPhone Developer";
				COPY_PHASE_STRIP = YES;
				ENABLE_NS_ASSERTIONS = NO;
				ENABLE_STRICT_OBJC_MSGSEND = YES;
				GCC_C_LANGUAGE_STANDARD = gnu99;
				GCC_WARN_64_TO_32_BIT_CONVERSION = YES;
				GCC_WARN_ABOUT_RETURN_TYPE = YES_ERROR;
				GCC_WARN_UNDECLARED_SELECTOR = YES;
				GCC_WARN_UNINITIALIZED_AUTOS = YES_AGGRESSIVE;
				GCC_WARN_UNUSED_FUNCTION = YES;
				GCC_WARN_UNUSED_VARIABLE = YES;
				IPHONEOS_DEPLOYMENT_TARGET = 8.1;
				MTL_ENABLE_DEBUG_INFO = NO;
				SDKROOT = iphoneos;
				VALIDATE_PRODUCT = YES;
			};
			name = Release;
		};
		22D094FF1A55A47800A5E45B /* Debug */ = {
			isa = XCBuildConfiguration;
			buildSettings = {
				ASSETCATALOG_COMPILER_APPICON_NAME = AppIcon;
				INFOPLIST_FILE = Example/Info.plist;
				IPHONEOS_DEPLOYMENT_TARGET = 7.0;
				LD_RUNPATH_SEARCH_PATHS = "$(inherited) @executable_path/Frameworks";
				PRODUCT_NAME = "$(TARGET_NAME)";
			};
			name = Debug;
		};
		22D095001A55A47800A5E45B /* Release */ = {
			isa = XCBuildConfiguration;
			buildSettings = {
				ASSETCATALOG_COMPILER_APPICON_NAME = AppIcon;
				INFOPLIST_FILE = Example/Info.plist;
				IPHONEOS_DEPLOYMENT_TARGET = 7.0;
				LD_RUNPATH_SEARCH_PATHS = "$(inherited) @executable_path/Frameworks";
				PRODUCT_NAME = "$(TARGET_NAME)";
			};
			name = Release;
		};
		22D095021A55A47800A5E45B /* Debug */ = {
			isa = XCBuildConfiguration;
			buildSettings = {
				BUNDLE_LOADER = "$(TEST_HOST)";
				FRAMEWORK_SEARCH_PATHS = (
					"$(SDKROOT)/Developer/Library/Frameworks",
					"$(inherited)",
				);
				GCC_PREPROCESSOR_DEFINITIONS = (
					"DEBUG=1",
					"$(inherited)",
				);
				INFOPLIST_FILE = ExampleTests/Info.plist;
				LD_RUNPATH_SEARCH_PATHS = "$(inherited) @executable_path/Frameworks @loader_path/Frameworks";
				PRODUCT_NAME = "$(TARGET_NAME)";
				TEST_HOST = "$(BUILT_PRODUCTS_DIR)/Example.app/Example";
			};
			name = Debug;
		};
		22D095031A55A47800A5E45B /* Release */ = {
			isa = XCBuildConfiguration;
			buildSettings = {
				BUNDLE_LOADER = "$(TEST_HOST)";
				FRAMEWORK_SEARCH_PATHS = (
					"$(SDKROOT)/Developer/Library/Frameworks",
					"$(inherited)",
				);
				INFOPLIST_FILE = ExampleTests/Info.plist;
				LD_RUNPATH_SEARCH_PATHS = "$(inherited) @executable_path/Frameworks @loader_path/Frameworks";
				PRODUCT_NAME = "$(TARGET_NAME)";
				TEST_HOST = "$(BUILT_PRODUCTS_DIR)/Example.app/Example";
			};
			name = Release;
		};
/* End XCBuildConfiguration section */

/* Begin XCConfigurationList section */
		22D094D61A55A47800A5E45B /* Build configuration list for PBXProject "Example" */ = {
			isa = XCConfigurationList;
			buildConfigurations = (
				22D094FC1A55A47800A5E45B /* Debug */,
				22D094FD1A55A47800A5E45B /* Release */,
			);
			defaultConfigurationIsVisible = 0;
			defaultConfigurationName = Release;
		};
		22D094FE1A55A47800A5E45B /* Build configuration list for PBXNativeTarget "Example" */ = {
			isa = XCConfigurationList;
			buildConfigurations = (
				22D094FF1A55A47800A5E45B /* Debug */,
				22D095001A55A47800A5E45B /* Release */,
			);
			defaultConfigurationIsVisible = 0;
			defaultConfigurationName = Release;
		};
		22D095011A55A47800A5E45B /* Build configuration list for PBXNativeTarget "ExampleTests" */ = {
			isa = XCConfigurationList;
			buildConfigurations = (
				22D095021A55A47800A5E45B /* Debug */,
				22D095031A55A47800A5E45B /* Release */,
			);
			defaultConfigurationIsVisible = 0;
			defaultConfigurationName = Release;
		};
/* End XCConfigurationList section */
	};
	rootObject = 22D094D31A55A47800A5E45B /* Project object */;
}
